<?xml version="1.0" encoding="utf-8"?>
<Project ToolsVersion="4.0" xmlns="http://schemas.microsoft.com/developer/msbuild/2003">
  <ItemGroup>
    <Filter Include="Pliki źródłowe">
      <UniqueIdentifier>{4FC737F1-C7A5-4376-A066-2A32D752A2FF}</UniqueIdentifier>
      <Extensions>cpp;c;cc;cxx;c++;cppm;ixx;def;odl;idl;hpj;bat;asm;asmx</Extensions>
    </Filter>
    <Filter Include="Pliki nagłówkowe">
      <UniqueIdentifier>{93995380-89BD-4b04-88EB-625FBE52EBFB}</UniqueIdentifier>
      <Extensions>h;hh;hpp;hxx;h++;hm;inl;inc;ipp;xsd</Extensions>
    </Filter>
    <Filter Include="Pliki zasobów">
      <UniqueIdentifier>{67DA6AB6-F800-4c08-8B7A-83BB121AAD01}</UniqueIdentifier>
      <Extensions>rc;ico;cur;bmp;dlg;rc2;rct;bin;rgs;gif;jpg;jpeg;jpe;resx;tiff;tif;png;wav;mfcribbon-ms</Extensions>
    </Filter>
    <Filter Include="Pliki źródłowe\Structures">
      <UniqueIdentifier>{1fec6b9e-6928-4290-8071-2458b1864eb6}</UniqueIdentifier>
    </Filter>
    <Filter Include="Pliki nagłówkowe\Structures">
      <UniqueIdentifier>{5c11c3be-ef5c-45de-83d0-e1362d0dad5c}</UniqueIdentifier>
    </Filter>
    <Filter Include="Pliki źródłowe\Elements">
      <UniqueIdentifier>{b2ed32b3-62ed-4335-b552-2fedbf8a4fdc}</UniqueIdentifier>
    </Filter>
    <Filter Include="Pliki nagłówkowe\Elements">
      <UniqueIdentifier>{521dd1c1-240e-4a6a-af74-f0ab270dc974}</UniqueIdentifier>
    </Filter>
    <Filter Include="Pliki źródłowe\pliki ATSP">
      <UniqueIdentifier>{5e53881e-9c3b-4f1d-94b3-4a29d14dd7a5}</UniqueIdentifier>
    </Filter>
    <Filter Include="Pliki źródłowe\Combinatorics">
      <UniqueIdentifier>{de4f028c-e9d4-422a-831e-08b303bb4fa3}</UniqueIdentifier>
    </Filter>
    <Filter Include="Pliki nagłówkowe\Combinatorics">
      <UniqueIdentifier>{4af5ac8c-2a3c-4794-9f28-025131ff20b0}</UniqueIdentifier>
    </Filter>
    <Filter Include="Pliki źródłowe\HeldKarp">
      <UniqueIdentifier>{442a301f-b800-4a9d-aeb4-976511c13757}</UniqueIdentifier>
    </Filter>
    <Filter Include="Pliki nagłówkowe\HeldKarp">
      <UniqueIdentifier>{67f5576b-4c89-4b3b-a817-4e092aab8d5c}</UniqueIdentifier>
    </Filter>
  </ItemGroup>
  <ItemGroup>
    <ClCompile Include="main.cpp">
      <Filter>Pliki źródłowe</Filter>
    </ClCompile>
    <ClCompile Include="App.cpp">
      <Filter>Pliki źródłowe\Elements</Filter>
    </ClCompile>
    <ClCompile Include="Menu.cpp">
      <Filter>Pliki źródłowe\Elements</Filter>
    </ClCompile>
    <ClCompile Include="BiList.cpp">
      <Filter>Pliki źródłowe\Structures</Filter>
    </ClCompile>
    <ClCompile Include="clock.cpp">
      <Filter>Pliki źródłowe\Elements</Filter>
    </ClCompile>
    <ClCompile Include="Additional.cpp">
      <Filter>Pliki źródłowe\Elements</Filter>
    </ClCompile>
    <ClCompile Include="ListGraph.cpp">
      <Filter>Pliki źródłowe\Structures</Filter>
    </ClCompile>
    <ClCompile Include="MatrixGraph.cpp">
      <Filter>Pliki źródłowe\Structures</Filter>
    </ClCompile>
    <ClCompile Include="AdjMatrix.cpp">
      <Filter>Pliki źródłowe\Structures</Filter>
    </ClCompile>
    <ClCompile Include="ATSPFileReader.cpp">
      <Filter>Pliki źródłowe\Elements</Filter>
    </ClCompile>
    <ClCompile Include="GraphGenerator.cpp">
      <Filter>Pliki źródłowe\Elements</Filter>
    </ClCompile>
    <ClCompile Include="BruteForce.cpp">
      <Filter>Pliki źródłowe\Elements</Filter>
    </ClCompile>
    <ClCompile Include="HeldKarp.cpp">
      <Filter>Pliki źródłowe\Elements</Filter>
    </ClCompile>
    <ClCompile Include="Array.cpp">
      <Filter>Pliki źródłowe\Structures</Filter>
    </ClCompile>
    <ClCompile Include="Permutation.cpp">
      <Filter>Pliki źródłowe\Combinatorics</Filter>
    </ClCompile>
    <ClCompile Include="PartialSolution.cpp">
      <Filter>Pliki źródłowe\HeldKarp</Filter>
    </ClCompile>
    <ClCompile Include="ListOfPartials.cpp">
      <Filter>Pliki źródłowe\HeldKarp</Filter>
    </ClCompile>
  </ItemGroup>
  <ItemGroup>
    <ClInclude Include="App.h">
      <Filter>Pliki nagłówkowe\Elements</Filter>
    </ClInclude>
    <ClInclude Include="Menu.h">
      <Filter>Pliki nagłówkowe\Elements</Filter>
    </ClInclude>
    <ClInclude Include="BiList.h">
      <Filter>Pliki nagłówkowe\Structures</Filter>
    </ClInclude>
    <ClInclude Include="clock.h">
      <Filter>Pliki nagłówkowe\Elements</Filter>
    </ClInclude>
    <ClInclude Include="Additional.h">
      <Filter>Pliki nagłówkowe\Elements</Filter>
    </ClInclude>
    <ClInclude Include="ListGraph.h">
      <Filter>Pliki nagłówkowe\Structures</Filter>
    </ClInclude>
    <ClInclude Include="MatrixGraph.h">
      <Filter>Pliki nagłówkowe\Structures</Filter>
    </ClInclude>
    <ClInclude Include="AdjMatrix.h">
      <Filter>Pliki nagłówkowe\Structures</Filter>
    </ClInclude>
    <ClInclude Include="ATSPFileReader.h">
      <Filter>Pliki nagłówkowe\Elements</Filter>
    </ClInclude>
    <ClInclude Include="GraphGenerator.h">
      <Filter>Pliki nagłówkowe\Elements</Filter>
    </ClInclude>
    <ClInclude Include="BruteForce.h">
      <Filter>Pliki nagłówkowe\Elements</Filter>
    </ClInclude>
    <ClInclude Include="HeldKarp.h">
      <Filter>Pliki nagłówkowe\Elements</Filter>
    </ClInclude>
    <ClInclude Include="Array.h">
      <Filter>Pliki nagłówkowe\Structures</Filter>
    </ClInclude>
    <ClInclude Include="Permutation.h">
      <Filter>Pliki nagłówkowe\Combinatorics</Filter>
    </ClInclude>
    <ClInclude Include="PartialSolution.h">
      <Filter>Pliki nagłówkowe\HeldKarp</Filter>
    </ClInclude>
    <ClInclude Include="ListOfPartials.h">
      <Filter>Pliki nagłówkowe\HeldKarp</Filter>
    </ClInclude>
  </ItemGroup>
  <ItemGroup>
    <None Include="..\br17.atsp">
      <Filter>Pliki źródłowe\pliki ATSP</Filter>
    </None>
  </ItemGroup>
</Project>